Microsoft Visual Studio Solution File, Format Version 12.00
# Visual Studio Version 17
VisualStudioVersion = 17.0.31903.59
MinimumVisualStudioVersion = 10.0.40219.1
Project("{FAE04EC0-301F-11D3-BF4B-00C04F79EFBC}") = "ChatGptApi", "ChatGptApi\\ChatGptApi.csproj", "{2BB6C82E-08FC-4607-816A-4DB4535D5960}"
EndProject
Global
    GlobalSection(SolutionConfigurationPlatforms) = preSolution
        Debug|Any CPU = Debug|Any CPU
        Release|Any CPU = Release|Any CPU
    EndGlobalSection
    GlobalSection(ProjectConfigurationPlatforms) = postSolution
        {2BB6C82E-08FC-4607-816A-4DB4535D5960}.Debug|Any CPU.ActiveCfg = Debug|Any CPU
        {2BB6C82E-08FC-4607-816A-4DB4535D5960}.Debug|Any CPU.Build.0 = Debug|Any CPU
        {2BB6C82E-08FC-4607-816A-4DB4535D5960}.Release|Any CPU.ActiveCfg = Release|Any CPU
        {2BB6C82E-08FC-4607-816A-4DB4535D5960}.Release|Any CPU.Build.0 = Release|Any CPU
    EndGlobalSection
    GlobalSection(SolutionProperties) = preSolution
        HideSolutionNode = FALSE
    EndGlobalSection
    GlobalSection(ExtensibilityGlobals) = postSolution
        SolutionGuid = {1EA4382A-8470-46D5-9769-D09F1A9738D8}
    EndGlobalSection
EndGlobal
